
Microsoft Visual Studio Solution File, Format Version 12.00
# Visual Studio Version 17
VisualStudioVersion = 17.11.35222.181
MinimumVisualStudioVersion = 10.0.40219.1
Project("{FAE04EC0-301F-11D3-BF4B-00C04F79EFBC}") = "JSONReader", "JSONReader.csproj", "{81C6E5E9-5BE5-4FED-B6FA-F4243680D772}"
EndProject
Global
	GlobalSection(SolutionConfigurationPlatforms) = preSolution
		Debug|Any CPU = Debug|Any CPU
		Release|Any CPU = Release|Any CPU
	EndGlobalSection
	GlobalSection(ProjectConfigurationPlatforms) = postSolution
		{81C6E5E9-5BE5-4FED-B6FA-F4243680D772}.Debug|Any CPU.ActiveCfg = Debug|Any CPU
		{81C6E5E9-5BE5-4FED-B6FA-F4243680D772}.Debug|Any CPU.Build.0 = Debug|Any CPU
		{81C6E5E9-5BE5-4FED-B6FA-F4243680D772}.Release|Any CPU.ActiveCfg = Release|Any CPU
		{81C6E5E9-5BE5-4FED-B6FA-F4243680D772}.Release|Any CPU.Build.0 = Release|Any CPU
	EndGlobalSection
	GlobalSection(SolutionProperties) = preSolution
		HideSolutionNode = FALSE
	EndGlobalSection
	GlobalSection(ExtensibilityGlobals) = postSolution
		SolutionGuid = {55737514-A5DD-40C1-BFB6-1C96ACE17B15}
	EndGlobalSection
EndGlobal
